
Microsoft Visual Studio Solution File, Format Version 12.00
# Visual Studio Version 16
VisualStudioVersion = 16.0.29905.134
MinimumVisualStudioVersion = 10.0.40219.1
Project("{FAE04EC0-301F-11D3-BF4B-00C04F79EFBC}") = "OOP.Task", "OOP.Task.csproj", "{BE45DFF9-E753-4AC2-A7B9-333487793A00}"
EndProject
Project("{2150E333-8FDC-42A3-9474-1A3956D46DE8}") = "Solution Items", "Solution Items", "{1812B75B-E537-4DF8-8893-BAE4EF91EDC5}"
	ProjectSection(SolutionItems) = preProject
		.editorconfig = .editorconfig
	EndProjectSection
EndProject
Global
	GlobalSection(SolutionConfigurationPlatforms) = preSolution
		Debug|Any CPU = Debug|Any CPU
		Release|Any CPU = Release|Any CPU
	EndGlobalSection
	GlobalSection(ProjectConfigurationPlatforms) = postSolution
		{BE45DFF9-E753-4AC2-A7B9-333487793A00}.Debug|Any CPU.ActiveCfg = Debug|Any CPU
		{BE45DFF9-E753-4AC2-A7B9-333487793A00}.Debug|Any CPU.Build.0 = Debug|Any CPU
		{BE45DFF9-E753-4AC2-A7B9-333487793A00}.Release|Any CPU.ActiveCfg = Release|Any CPU
		{BE45DFF9-E753-4AC2-A7B9-333487793A00}.Release|Any CPU.Build.0 = Release|Any CPU
	EndGlobalSection
	GlobalSection(SolutionProperties) = preSolution
		HideSolutionNode = FALSE
	EndGlobalSection
	GlobalSection(ExtensibilityGlobals) = postSolution
		SolutionGuid = {5A60D639-72E4-405D-BB30-439523C8075A}
	EndGlobalSection
EndGlobal
